{
  "name": "Visualization_of_Information_in_VR_Environments_of_Objects_in_Space",
  "lockfileVersion": 3,
  "requires": true,
  "packages": {
    "": {
      "devDependencies": {
        "lil-gui": "^0.19.1"
      }
    },
    "node_modules/lil-gui": {
      "version": "0.19.1",
      "resolved": "https://registry.npmjs.org/lil-gui/-/lil-gui-0.19.1.tgz",
      "integrity": "sha512-9dbIg+UxS8RIROI6OH5gV2KrVE0Cn37bcLOQGF2GKN8ibTxDrUSLzzZfkQR82LnZsgs7DEZOOGfn3zhtd6hk0Q==",
      "dev": true
    }
  }
}
